# This file is automatically @generated by Cargo.
# It is not intended for manual editing.
version = 3

[[package]]
name = "mdo"
version = "0.3.0"
source = "registry+https://github.com/rust-lang/crates.io-index"
checksum = "f53219793a5db57cb2698bc35e77fa82edffc580d780569e4a0d84db098401c0"

[[package]]
name = "operational"
version = "0.0.5"
source = "registry+https://github.com/rust-lang/crates.io-index"
checksum = "cf1d07bb68a9983497f7c7cdbf7ba952088ff0ad69a179152f77f91482e80306"

[[package]]
name = "tinyos"
version = "0.0.0"
dependencies = [
 "mdo",
 "operational",
]
